PODS:
  - dart_objc (0.0.1):
    - Flutter
  - Flutter (1.0.0)

DEPENDENCIES:
  - dart_objc (from `.symlinks/plugins/dart_objc/ios`)
  - Flutter (from `Flutter`)

EXTERNAL SOURCES:
  dart_objc:
    :path: ".symlinks/plugins/dart_objc/ios"
  Flutter:
    :path: Flutter

SPEC CHECKSUMS:
  dart_objc: ff2d7ad2763bd50fc9215f981f332b791e04fdb3
  Flutter: 0e3d915762c693b495b44d77113d4970485de6ec

PODFILE CHECKSUM: 3dbe063e9c90a5d7c9e4e76e70a821b9e2c1d271

COCOAPODS: 1.8.3
