PODS:
  - dart_objc (0.0.1):
    - Flutter
  - Flutter (1.0.0)

DEPENDENCIES:
  - dart_objc (from `.symlinks/plugins/dart_objc/ios`)
  - Flutter (from `.symlinks/flutter/ios`)

EXTERNAL SOURCES:
  dart_objc:
    :path: ".symlinks/plugins/dart_objc/ios"
  Flutter:
    :path: ".symlinks/flutter/ios"

SPEC CHECKSUMS:
  dart_objc: 70f80ccab72b202fae8fc3c51d80f4a87e4b31eb
  Flutter: 0e3d915762c693b495b44d77113d4970485de6ec

PODFILE CHECKSUM: dd58435ce9bf15a45658d9a48dd97b721db6e5b5

COCOAPODS: 1.8.3
