PODS:
  - ClassWrittenInSwift (0.0.4)
  - CocoaLumberjack/Core (3.7.4)
  - CocoaLumberjack/Swift (3.7.4):
    - CocoaLumberjack/Core
  - dart_native (0.0.1):
    - ClassWrittenInSwift (~> 0.0.4)
    - Flutter
  - Flutter (1.0.0)

DEPENDENCIES:
  - CocoaLumberjack/Swift
  - dart_native (from `.symlinks/plugins/dart_native/ios`)
  - Flutter (from `Flutter`)

SPEC REPOS:
  trunk:
    - ClassWrittenInSwift
    - CocoaLumberjack

EXTERNAL SOURCES:
  dart_native:
    :path: ".symlinks/plugins/dart_native/ios"
  Flutter:
    :path: Flutter

SPEC CHECKSUMS:
  ClassWrittenInSwift: de0543e7c1a836e190af74fddff84ad9b2f3d18c
  CocoaLumberjack: 543c79c114dadc3b1aba95641d8738b06b05b646
  dart_native: 3ed31c9e40530ad0ae006c0b7cf75a22b24e933f
  Flutter: 50d75fe2f02b26cc09d224853bb45737f8b3214a

PODFILE CHECKSUM: 910ad6af105c046169d3c8eb87f3e19e65a43ed8

COCOAPODS: 1.11.2
