PODS:
  - CocoaLumberjack (3.7.0):
    - CocoaLumberjack/Core (= 3.7.0)
  - CocoaLumberjack/Core (3.7.0)
  - dart_native (0.0.1):
    - Flutter
  - Flutter (1.0.0)

DEPENDENCIES:
  - CocoaLumberjack
  - dart_native (from `.symlinks/plugins/dart_native/ios`)
  - Flutter (from `Flutter`)

SPEC REPOS:
  trunk:
    - CocoaLumberjack

EXTERNAL SOURCES:
  dart_native:
    :path: ".symlinks/plugins/dart_native/ios"
  Flutter:
    :path: Flutter

SPEC CHECKSUMS:
  CocoaLumberjack: e8955b9d337ac307103b0a34fd141c32f27e53c5
  dart_native: 5de43456852385997b9b29dbf40f85d82c265e1a
  Flutter: 434fef37c0980e73bb6479ef766c45957d4b510c

PODFILE CHECKSUM: 58ae7d2c665775a089b8fdd349a91d66481aef64

COCOAPODS: 1.9.1
