PODS:
  - CocoaLumberjack (3.7.0):
    - CocoaLumberjack/Core (= 3.7.0)
  - CocoaLumberjack/Core (3.7.0)
  - dart_native (0.0.1):
    - Flutter
  - Flutter (1.0.0)

DEPENDENCIES:
  - CocoaLumberjack
  - dart_native (from `.symlinks/plugins/dart_native/ios`)
  - Flutter (from `Flutter`)

SPEC REPOS:
  trunk:
    - CocoaLumberjack

EXTERNAL SOURCES:
  dart_native:
    :path: ".symlinks/plugins/dart_native/ios"
  Flutter:
    :path: Flutter

SPEC CHECKSUMS:
  CocoaLumberjack: e8955b9d337ac307103b0a34fd141c32f27e53c5
  dart_native: ba4adc85a5cf6faafbfa7de2252397388d9480da
  Flutter: 0e3d915762c693b495b44d77113d4970485de6ec

PODFILE CHECKSUM: f10e42e188a012076f9d5e111f499229a501832a

COCOAPODS: 1.9.1
