PODS:
  - ClassWrittenInSwift (0.0.4)
  - CocoaLumberjack/Core (3.7.4)
  - CocoaLumberjack/Swift (3.7.4):
    - CocoaLumberjack/Core
  - dart_native (0.0.1):
    - ClassWrittenInSwift (~> 0.0.4)
    - Flutter
    - FlutterMacOS
  - FlutterMacOS (1.0.0)

DEPENDENCIES:
  - CocoaLumberjack/Swift
  - dart_native (from `Flutter/ephemeral/.symlinks/plugins/dart_native/macos`)
  - FlutterMacOS (from `Flutter/ephemeral`)

SPEC REPOS:
  trunk:
    - ClassWrittenInSwift
    - CocoaLumberjack

EXTERNAL SOURCES:
  dart_native:
    :path: Flutter/ephemeral/.symlinks/plugins/dart_native/macos
  FlutterMacOS:
    :path: Flutter/ephemeral

SPEC CHECKSUMS:
  ClassWrittenInSwift: de0543e7c1a836e190af74fddff84ad9b2f3d18c
  CocoaLumberjack: 543c79c114dadc3b1aba95641d8738b06b05b646
  dart_native: f98bc7d9f154f2fee55618d4bcc1e4f2d9354c1d
  FlutterMacOS: 57701585bf7de1b3fc2bb61f6378d73bbdea8424

PODFILE CHECKSUM: 6134e1091881200875eedf81c63588922d4384ec

COCOAPODS: 1.11.2
