PODS:
  - ClassWrittenInSwift (0.0.5)
  - CocoaLumberjack/Core (3.7.4)
  - CocoaLumberjack/Swift (3.7.4):
    - CocoaLumberjack/Core
  - dart_native (0.0.1):
    - ClassWrittenInSwift (~> 0.0.5)
    - FlutterMacOS
  - FlutterMacOS (1.0.0)

DEPENDENCIES:
  - CocoaLumberjack/Swift
  - dart_native (from `Flutter/ephemeral/.symlinks/plugins/dart_native/macos`)
  - FlutterMacOS (from `Flutter/ephemeral`)

SPEC REPOS:
  trunk:
    - ClassWrittenInSwift
    - CocoaLumberjack

EXTERNAL SOURCES:
  dart_native:
    :path: Flutter/ephemeral/.symlinks/plugins/dart_native/macos
  FlutterMacOS:
    :path: Flutter/ephemeral

SPEC CHECKSUMS:
  ClassWrittenInSwift: 84b95c3ec2633b0a18ffdcabf8365a5833a2154c
  CocoaLumberjack: 543c79c114dadc3b1aba95641d8738b06b05b646
  dart_native: 82f498a2edc283e94eac2d8ca51d609bdc52e74f
  FlutterMacOS: 57701585bf7de1b3fc2bb61f6378d73bbdea8424

PODFILE CHECKSUM: 6134e1091881200875eedf81c63588922d4384ec

COCOAPODS: 1.11.3
