// !$*UTF8*$!
{
	archiveVersion = 1;
	classes = {
	};
	objectVersion = 54;
	objects = {

/* Begin PBXBuildFile section */
		A4074AE9276F92FF009F0EFD /* DNInvocation.m in Sources */ = {isa = PBXBuildFile; fileRef = A45D1D6E258B3E0A009C163D /* DNInvocation.m */; };
		A4074AEA276F92FF009F0EFD /* DNMethodIMP.m in Sources */ = {isa = PBXBuildFile; fileRef = A45D1D6D258B3E0A009C163D /* DNMethodIMP.m */; };
		A4074AEB276F92FF009F0EFD /* DNMethodIMP.h in Headers */ = {isa = PBXBuildFile; fileRef = A45D1D74258B3E0A009C163D /* DNMethodIMP.h */; };
		A4074AEC276F92FF009F0EFD /* DNPointerWrapper.m in Sources */ = {isa = PBXBuildFile; fileRef = A45D1D75258B3E0A009C163D /* DNPointerWrapper.m */; };
		A4074AED276F92FF009F0EFD /* native_runtime.h in Headers */ = {isa = PBXBuildFile; fileRef = A45D1D6F258B3E0A009C163D /* native_runtime.h */; settings = {ATTRIBUTES = (Public, ); }; };
		A4074AEE276F92FF009F0EFD /* DNError.m in Sources */ = {isa = PBXBuildFile; fileRef = A45C1CAB262DB7B500FC10FE /* DNError.m */; };
		A4074AEF276F92FF009F0EFD /* DNExtern.h in Headers */ = {isa = PBXBuildFile; fileRef = A45D1D66258B3E0A009C163D /* DNExtern.h */; settings = {ATTRIBUTES = (Public, ); }; };
		A4074AF0276F92FF009F0EFD /* DNPointerWrapper.h in Headers */ = {isa = PBXBuildFile; fileRef = A45D1D6C258B3E0A009C163D /* DNPointerWrapper.h */; };
		A4074AF1276F92FF009F0EFD /* DNError.h in Headers */ = {isa = PBXBuildFile; fileRef = A45C1CAA262DB7B500FC10FE /* DNError.h */; };
		A4074AF2276F92FF009F0EFD /* DNAssociatedDartObject.h in Headers */ = {isa = PBXBuildFile; fileRef = A4EECFCE26A479240025502E /* DNAssociatedDartObject.h */; };
		A4074AF3276F92FF009F0EFD /* DNObjectDealloc.h in Headers */ = {isa = PBXBuildFile; fileRef = A45D1D69258B3E0A009C163D /* DNObjectDealloc.h */; };
		A4074AF4276F92FF009F0EFD /* DNInvocation.h in Headers */ = {isa = PBXBuildFile; fileRef = A45D1D65258B3E0A009C163D /* DNInvocation.h */; };
		A4074AF5276F92FF009F0EFD /* DNAssociatedDartObject.m in Sources */ = {isa = PBXBuildFile; fileRef = A4EECFCF26A479240025502E /* DNAssociatedDartObject.m */; };
		A4074AF7276F92FF009F0EFD /* DNFFIHelper.h in Headers */ = {isa = PBXBuildFile; fileRef = A45D1D76258B3E0A009C163D /* DNFFIHelper.h */; };
		A4074AF8276F92FF009F0EFD /* native_runtime.mm in Sources */ = {isa = PBXBuildFile; fileRef = A45D1D72258B3E0A009C163D /* native_runtime.mm */; };
		A4074AFA276F92FF009F0EFD /* DNObjectDealloc.m in Sources */ = {isa = PBXBuildFile; fileRef = A45D1D73258B3E0A009C163D /* DNObjectDealloc.m */; };
		A4074AFB276F92FF009F0EFD /* DNFFIHelper.m in Sources */ = {isa = PBXBuildFile; fileRef = A45D1D6B258B3E0A009C163D /* DNFFIHelper.m */; };
		A4074AFC276F9339009F0EFD /* dart_api.h in Headers */ = {isa = PBXBuildFile; fileRef = A45D1D4C258B3E0A009C163D /* dart_api.h */; settings = {ATTRIBUTES = (Public, ); }; };
		A4074AFD276F933F009F0EFD /* dart_api_dl.c in Sources */ = {isa = PBXBuildFile; fileRef = A45D1D4D258B3E0A009C163D /* dart_api_dl.c */; };
		A4074AFE276F9343009F0EFD /* dart_version.h in Headers */ = {isa = PBXBuildFile; fileRef = A45D1D4E258B3E0A009C163D /* dart_version.h */; };
		A4074AFF276F9347009F0EFD /* dart_embedder_api.h in Headers */ = {isa = PBXBuildFile; fileRef = A45D1D51258B3E0A009C163D /* dart_embedder_api.h */; };
		A4074B00276F934B009F0EFD /* dart_native_api.h in Headers */ = {isa = PBXBuildFile; fileRef = A45D1D52258B3E0A009C163D /* dart_native_api.h */; };
		A4074B01276F934E009F0EFD /* dart_tools_api.h in Headers */ = {isa = PBXBuildFile; fileRef = A45D1D55258B3E0A009C163D /* dart_tools_api.h */; };
		A4074B02276F9353009F0EFD /* dart_api_dl.h in Headers */ = {isa = PBXBuildFile; fileRef = A45D1D56258B3E0A009C163D /* dart_api_dl.h */; };
		A4074B03276F9359009F0EFD /* dart_api_dl_impl.h in Headers */ = {isa = PBXBuildFile; fileRef = A45D1D54258B3E0A009C163D /* dart_api_dl_impl.h */; };
		A45C1CAC262DB7B500FC10FE /* DNError.h in Headers */ = {isa = PBXBuildFile; fileRef = A45C1CAA262DB7B500FC10FE /* DNError.h */; };
		A45C1CAD262DB7B500FC10FE /* DNError.m in Sources */ = {isa = PBXBuildFile; fileRef = A45C1CAB262DB7B500FC10FE /* DNError.m */; };
		A45D1D78258B3E0A009C163D /* dart_api.h in Headers */ = {isa = PBXBuildFile; fileRef = A45D1D4C258B3E0A009C163D /* dart_api.h */; settings = {ATTRIBUTES = (Public, ); }; };
		A45D1D79258B3E0A009C163D /* dart_api_dl.c in Sources */ = {isa = PBXBuildFile; fileRef = A45D1D4D258B3E0A009C163D /* dart_api_dl.c */; };
		A45D1D7A258B3E0A009C163D /* dart_version.h in Headers */ = {isa = PBXBuildFile; fileRef = A45D1D4E258B3E0A009C163D /* dart_version.h */; };
		A45D1D7B258B3E0A009C163D /* dart_io_api.h in Headers */ = {isa = PBXBuildFile; fileRef = A45D1D50258B3E0A009C163D /* dart_io_api.h */; };
		A45D1D7C258B3E0A009C163D /* dart_embedder_api.h in Headers */ = {isa = PBXBuildFile; fileRef = A45D1D51258B3E0A009C163D /* dart_embedder_api.h */; };
		A45D1D7D258B3E0A009C163D /* dart_native_api.h in Headers */ = {isa = PBXBuildFile; fileRef = A45D1D52258B3E0A009C163D /* dart_native_api.h */; settings = {ATTRIBUTES = (Public, ); }; };
		A45D1D7E258B3E0A009C163D /* dart_api_dl_impl.h in Headers */ = {isa = PBXBuildFile; fileRef = A45D1D54258B3E0A009C163D /* dart_api_dl_impl.h */; };
		A45D1D7F258B3E0A009C163D /* dart_tools_api.h in Headers */ = {isa = PBXBuildFile; fileRef = A45D1D55258B3E0A009C163D /* dart_tools_api.h */; };
		A45D1D80258B3E0A009C163D /* dart_api_dl.h in Headers */ = {isa = PBXBuildFile; fileRef = A45D1D56258B3E0A009C163D /* dart_api_dl.h */; settings = {ATTRIBUTES = (Public, ); }; };
		A45D1D8D258B3E0A009C163D /* DNInvocation.h in Headers */ = {isa = PBXBuildFile; fileRef = A45D1D65258B3E0A009C163D /* DNInvocation.h */; };
		A45D1D8E258B3E0A009C163D /* DNExtern.h in Headers */ = {isa = PBXBuildFile; fileRef = A45D1D66258B3E0A009C163D /* DNExtern.h */; settings = {ATTRIBUTES = (Public, ); }; };
		A45D1D91258B3E0A009C163D /* DNObjectDealloc.h in Headers */ = {isa = PBXBuildFile; fileRef = A45D1D69258B3E0A009C163D /* DNObjectDealloc.h */; };
		A45D1D93258B3E0A009C163D /* DNFFIHelper.m in Sources */ = {isa = PBXBuildFile; fileRef = A45D1D6B258B3E0A009C163D /* DNFFIHelper.m */; };
		A45D1D94258B3E0A009C163D /* DNPointerWrapper.h in Headers */ = {isa = PBXBuildFile; fileRef = A45D1D6C258B3E0A009C163D /* DNPointerWrapper.h */; };
		A45D1D95258B3E0A009C163D /* DNMethodIMP.m in Sources */ = {isa = PBXBuildFile; fileRef = A45D1D6D258B3E0A009C163D /* DNMethodIMP.m */; };
		A45D1D96258B3E0A009C163D /* DNInvocation.m in Sources */ = {isa = PBXBuildFile; fileRef = A45D1D6E258B3E0A009C163D /* DNInvocation.m */; };
		A45D1D97258B3E0A009C163D /* native_runtime.h in Headers */ = {isa = PBXBuildFile; fileRef = A45D1D6F258B3E0A009C163D /* native_runtime.h */; settings = {ATTRIBUTES = (Public, ); }; };
		A45D1D9A258B3E0A009C163D /* native_runtime.mm in Sources */ = {isa = PBXBuildFile; fileRef = A45D1D72258B3E0A009C163D /* native_runtime.mm */; };
		A45D1D9B258B3E0A009C163D /* DNObjectDealloc.m in Sources */ = {isa = PBXBuildFile; fileRef = A45D1D73258B3E0A009C163D /* DNObjectDealloc.m */; };
		A45D1D9C258B3E0A009C163D /* DNMethodIMP.h in Headers */ = {isa = PBXBuildFile; fileRef = A45D1D74258B3E0A009C163D /* DNMethodIMP.h */; };
		A45D1D9D258B3E0A009C163D /* DNPointerWrapper.m in Sources */ = {isa = PBXBuildFile; fileRef = A45D1D75258B3E0A009C163D /* DNPointerWrapper.m */; };
		A45D1D9E258B3E0A009C163D /* DNFFIHelper.h in Headers */ = {isa = PBXBuildFile; fileRef = A45D1D76258B3E0A009C163D /* DNFFIHelper.h */; };
		A4C27B00291A9D40002CCBA3 /* DNException.h in Headers */ = {isa = PBXBuildFile; fileRef = A4C27AFE291A9D40002CCBA3 /* DNException.h */; };
		A4C27B01291A9D40002CCBA3 /* DNException.h in Headers */ = {isa = PBXBuildFile; fileRef = A4C27AFE291A9D40002CCBA3 /* DNException.h */; };
		A4C27B02291A9D40002CCBA3 /* DNException.mm in Sources */ = {isa = PBXBuildFile; fileRef = A4C27AFF291A9D40002CCBA3 /* DNException.mm */; };
		A4C27B03291A9D40002CCBA3 /* DNException.mm in Sources */ = {isa = PBXBuildFile; fileRef = A4C27AFF291A9D40002CCBA3 /* DNException.mm */; };
		A4C27B06291B9E8B002CCBA3 /* DNMemoryValidation.h in Headers */ = {isa = PBXBuildFile; fileRef = A4C27B04291B9E8B002CCBA3 /* DNMemoryValidation.h */; };
		A4C27B07291B9E8B002CCBA3 /* DNMemoryValidation.h in Headers */ = {isa = PBXBuildFile; fileRef = A4C27B04291B9E8B002CCBA3 /* DNMemoryValidation.h */; };
		A4C27B08291B9E8B002CCBA3 /* DNMemoryValidation.mm in Sources */ = {isa = PBXBuildFile; fileRef = A4C27B05291B9E8B002CCBA3 /* DNMemoryValidation.mm */; };
		A4C27B09291B9E8B002CCBA3 /* DNMemoryValidation.mm in Sources */ = {isa = PBXBuildFile; fileRef = A4C27B05291B9E8B002CCBA3 /* DNMemoryValidation.mm */; };
		A4D8D22F2824297500569C2B /* DNBlockCreator.h in Headers */ = {isa = PBXBuildFile; fileRef = A4D8D22D2824297500569C2B /* DNBlockCreator.h */; };
		A4D8D2302824297500569C2B /* DNBlockCreator.h in Headers */ = {isa = PBXBuildFile; fileRef = A4D8D22D2824297500569C2B /* DNBlockCreator.h */; };
		A4D8D2312824297500569C2B /* DNBlockCreator.m in Sources */ = {isa = PBXBuildFile; fileRef = A4D8D22E2824297500569C2B /* DNBlockCreator.m */; };
		A4D8D2322824297500569C2B /* DNBlockCreator.m in Sources */ = {isa = PBXBuildFile; fileRef = A4D8D22E2824297500569C2B /* DNBlockCreator.m */; };
		A4D8D23528256B5A00569C2B /* DNBlockHelper.h in Headers */ = {isa = PBXBuildFile; fileRef = A4D8D23328256B5A00569C2B /* DNBlockHelper.h */; };
		A4D8D23628256B5A00569C2B /* DNBlockHelper.h in Headers */ = {isa = PBXBuildFile; fileRef = A4D8D23328256B5A00569C2B /* DNBlockHelper.h */; };
		A4D8D23728256B5A00569C2B /* DNBlockHelper.m in Sources */ = {isa = PBXBuildFile; fileRef = A4D8D23428256B5A00569C2B /* DNBlockHelper.m */; };
		A4D8D23828256B5A00569C2B /* DNBlockHelper.m in Sources */ = {isa = PBXBuildFile; fileRef = A4D8D23428256B5A00569C2B /* DNBlockHelper.m */; };
		A4ECB76827BBC1A20084A547 /* DartNative.h in Headers */ = {isa = PBXBuildFile; fileRef = A4ECB76727BBC1890084A547 /* DartNative.h */; settings = {ATTRIBUTES = (Public, ); }; };
		A4ECB76927BBC1A20084A547 /* DartNative.h in Headers */ = {isa = PBXBuildFile; fileRef = A4ECB76727BBC1890084A547 /* DartNative.h */; settings = {ATTRIBUTES = (Public, ); }; };
		A4ECB77027C33AA90084A547 /* NSNumber+DNUnwrapValues.m in Sources */ = {isa = PBXBuildFile; fileRef = A4ECB76E27C33AA80084A547 /* NSNumber+DNUnwrapValues.m */; };
		A4ECB77127C33AA90084A547 /* NSNumber+DNUnwrapValues.m in Sources */ = {isa = PBXBuildFile; fileRef = A4ECB76E27C33AA80084A547 /* NSNumber+DNUnwrapValues.m */; };
		A4ECB77227C33AA90084A547 /* NSNumber+DNUnwrapValues.h in Headers */ = {isa = PBXBuildFile; fileRef = A4ECB76F27C33AA80084A547 /* NSNumber+DNUnwrapValues.h */; };
		A4ECB77327C33AA90084A547 /* NSNumber+DNUnwrapValues.h in Headers */ = {isa = PBXBuildFile; fileRef = A4ECB76F27C33AA80084A547 /* NSNumber+DNUnwrapValues.h */; };
		A4EECFD026A479240025502E /* DNAssociatedDartObject.h in Headers */ = {isa = PBXBuildFile; fileRef = A4EECFCE26A479240025502E /* DNAssociatedDartObject.h */; };
		A4EECFD126A479240025502E /* DNAssociatedDartObject.m in Sources */ = {isa = PBXBuildFile; fileRef = A4EECFCF26A479240025502E /* DNAssociatedDartObject.m */; };
		A4F688BC27788CFA0053A9B9 /* libffi.xcframework in Frameworks */ = {isa = PBXBuildFile; fileRef = A4F688BB27788CFA0053A9B9 /* libffi.xcframework */; };
		A4F688BD27788CFA0053A9B9 /* libffi.xcframework in Frameworks */ = {isa = PBXBuildFile; fileRef = A4F688BB27788CFA0053A9B9 /* libffi.xcframework */; };
		A4F688C0278AEB260053A9B9 /* NSObject+DartHandleExternalSize.h in Headers */ = {isa = PBXBuildFile; fileRef = A4F688BE278AEB250053A9B9 /* NSObject+DartHandleExternalSize.h */; };
		A4F688C2278AEB260053A9B9 /* NSObject+DartHandleExternalSize.m in Sources */ = {isa = PBXBuildFile; fileRef = A4F688BF278AEB250053A9B9 /* NSObject+DartHandleExternalSize.m */; };
		A4F688C3278AEB260053A9B9 /* NSObject+DartHandleExternalSize.m in Sources */ = {isa = PBXBuildFile; fileRef = A4F688BF278AEB250053A9B9 /* NSObject+DartHandleExternalSize.m */; };
		A4F68913278B3B6F0053A9B9 /* NSObject+DartHandleExternalSize.h in Headers */ = {isa = PBXBuildFile; fileRef = A4F688BE278AEB250053A9B9 /* NSObject+DartHandleExternalSize.h */; };
		A4F97609291E713A0022382D /* NSString+DartNative.h in Headers */ = {isa = PBXBuildFile; fileRef = A4F97607291E713A0022382D /* NSString+DartNative.h */; };
		A4F9760A291E713B0022382D /* NSString+DartNative.h in Headers */ = {isa = PBXBuildFile; fileRef = A4F97607291E713A0022382D /* NSString+DartNative.h */; };
		A4F9760B291E713B0022382D /* NSString+DartNative.mm in Sources */ = {isa = PBXBuildFile; fileRef = A4F97608291E713A0022382D /* NSString+DartNative.mm */; };
		A4F9760C291E713B0022382D /* NSString+DartNative.mm in Sources */ = {isa = PBXBuildFile; fileRef = A4F97608291E713A0022382D /* NSString+DartNative.mm */; };
/* End PBXBuildFile section */

/* Begin PBXFileReference section */
		A4074AE0276F92CC009F0EFD /* DartNative.framework */ = {isa = PBXFileReference; explicitFileType = wrapper.framework; includeInIndex = 0; path = DartNative.framework; sourceTree = BUILT_PRODUCTS_DIR; };
		A45C1CAA262DB7B500FC10FE /* DNError.h */ = {isa = PBXFileReference; lastKnownFileType = sourcecode.c.h; path = DNError.h; sourceTree = "<group>"; };
		A45C1CAB262DB7B500FC10FE /* DNError.m */ = {isa = PBXFileReference; lastKnownFileType = sourcecode.c.objc; path = DNError.m; sourceTree = "<group>"; };
		A45D1D3D258B3DC6009C163D /* DartNative.framework */ = {isa = PBXFileReference; explicitFileType = wrapper.framework; includeInIndex = 0; path = DartNative.framework; sourceTree = BUILT_PRODUCTS_DIR; };
		A45D1D4C258B3E0A009C163D /* dart_api.h */ = {isa = PBXFileReference; fileEncoding = 4; lastKnownFileType = sourcecode.c.h; path = dart_api.h; sourceTree = "<group>"; };
		A45D1D4D258B3E0A009C163D /* dart_api_dl.c */ = {isa = PBXFileReference; fileEncoding = 4; lastKnownFileType = sourcecode.c.c; path = dart_api_dl.c; sourceTree = "<group>"; };
		A45D1D4E258B3E0A009C163D /* dart_version.h */ = {isa = PBXFileReference; fileEncoding = 4; lastKnownFileType = sourcecode.c.h; path = dart_version.h; sourceTree = "<group>"; };
		A45D1D50258B3E0A009C163D /* dart_io_api.h */ = {isa = PBXFileReference; fileEncoding = 4; lastKnownFileType = sourcecode.c.h; path = dart_io_api.h; sourceTree = "<group>"; };
		A45D1D51258B3E0A009C163D /* dart_embedder_api.h */ = {isa = PBXFileReference; fileEncoding = 4; lastKnownFileType = sourcecode.c.h; path = dart_embedder_api.h; sourceTree = "<group>"; };
		A45D1D52258B3E0A009C163D /* dart_native_api.h */ = {isa = PBXFileReference; fileEncoding = 4; lastKnownFileType = sourcecode.c.h; path = dart_native_api.h; sourceTree = "<group>"; };
		A45D1D54258B3E0A009C163D /* dart_api_dl_impl.h */ = {isa = PBXFileReference; fileEncoding = 4; lastKnownFileType = sourcecode.c.h; path = dart_api_dl_impl.h; sourceTree = "<group>"; };
		A45D1D55258B3E0A009C163D /* dart_tools_api.h */ = {isa = PBXFileReference; fileEncoding = 4; lastKnownFileType = sourcecode.c.h; path = dart_tools_api.h; sourceTree = "<group>"; };
		A45D1D56258B3E0A009C163D /* dart_api_dl.h */ = {isa = PBXFileReference; fileEncoding = 4; lastKnownFileType = sourcecode.c.h; path = dart_api_dl.h; sourceTree = "<group>"; };
		A45D1D65258B3E0A009C163D /* DNInvocation.h */ = {isa = PBXFileReference; fileEncoding = 4; lastKnownFileType = sourcecode.c.h; path = DNInvocation.h; sourceTree = "<group>"; };
		A45D1D66258B3E0A009C163D /* DNExtern.h */ = {isa = PBXFileReference; fileEncoding = 4; lastKnownFileType = sourcecode.c.h; path = DNExtern.h; sourceTree = "<group>"; };
		A45D1D69258B3E0A009C163D /* DNObjectDealloc.h */ = {isa = PBXFileReference; fileEncoding = 4; lastKnownFileType = sourcecode.c.h; path = DNObjectDealloc.h; sourceTree = "<group>"; };
		A45D1D6B258B3E0A009C163D /* DNFFIHelper.m */ = {isa = PBXFileReference; fileEncoding = 4; lastKnownFileType = sourcecode.c.objc; path = DNFFIHelper.m; sourceTree = "<group>"; };
		A45D1D6C258B3E0A009C163D /* DNPointerWrapper.h */ = {isa = PBXFileReference; fileEncoding = 4; lastKnownFileType = sourcecode.c.h; path = DNPointerWrapper.h; sourceTree = "<group>"; };
		A45D1D6D258B3E0A009C163D /* DNMethodIMP.m */ = {isa = PBXFileReference; fileEncoding = 4; lastKnownFileType = sourcecode.c.objc; path = DNMethodIMP.m; sourceTree = "<group>"; };
		A45D1D6E258B3E0A009C163D /* DNInvocation.m */ = {isa = PBXFileReference; fileEncoding = 4; lastKnownFileType = sourcecode.c.objc; path = DNInvocation.m; sourceTree = "<group>"; };
		A45D1D6F258B3E0A009C163D /* native_runtime.h */ = {isa = PBXFileReference; fileEncoding = 4; lastKnownFileType = sourcecode.c.h; path = native_runtime.h; sourceTree = "<group>"; };
		A45D1D72258B3E0A009C163D /* native_runtime.mm */ = {isa = PBXFileReference; fileEncoding = 4; lastKnownFileType = sourcecode.cpp.objcpp; path = native_runtime.mm; sourceTree = "<group>"; };
		A45D1D73258B3E0A009C163D /* DNObjectDealloc.m */ = {isa = PBXFileReference; fileEncoding = 4; lastKnownFileType = sourcecode.c.objc; path = DNObjectDealloc.m; sourceTree = "<group>"; };
		A45D1D74258B3E0A009C163D /* DNMethodIMP.h */ = {isa = PBXFileReference; fileEncoding = 4; lastKnownFileType = sourcecode.c.h; path = DNMethodIMP.h; sourceTree = "<group>"; };
		A45D1D75258B3E0A009C163D /* DNPointerWrapper.m */ = {isa = PBXFileReference; fileEncoding = 4; lastKnownFileType = sourcecode.c.objc; path = DNPointerWrapper.m; sourceTree = "<group>"; };
		A45D1D76258B3E0A009C163D /* DNFFIHelper.h */ = {isa = PBXFileReference; fileEncoding = 4; lastKnownFileType = sourcecode.c.h; path = DNFFIHelper.h; sourceTree = "<group>"; };
		A49438DF25934C39004BF483 /* Info.plist */ = {isa = PBXFileReference; fileEncoding = 4; lastKnownFileType = text.plist.xml; path = Info.plist; sourceTree = "<group>"; };
		A4C27AFE291A9D40002CCBA3 /* DNException.h */ = {isa = PBXFileReference; lastKnownFileType = sourcecode.c.h; path = DNException.h; sourceTree = "<group>"; };
		A4C27AFF291A9D40002CCBA3 /* DNException.mm */ = {isa = PBXFileReference; lastKnownFileType = sourcecode.cpp.objcpp; path = DNException.mm; sourceTree = "<group>"; };
		A4C27B04291B9E8B002CCBA3 /* DNMemoryValidation.h */ = {isa = PBXFileReference; lastKnownFileType = sourcecode.c.h; path = DNMemoryValidation.h; sourceTree = "<group>"; };
		A4C27B05291B9E8B002CCBA3 /* DNMemoryValidation.mm */ = {isa = PBXFileReference; lastKnownFileType = sourcecode.cpp.objcpp; path = DNMemoryValidation.mm; sourceTree = "<group>"; };
		A4D8D22D2824297500569C2B /* DNBlockCreator.h */ = {isa = PBXFileReference; lastKnownFileType = sourcecode.c.h; path = DNBlockCreator.h; sourceTree = "<group>"; };
		A4D8D22E2824297500569C2B /* DNBlockCreator.m */ = {isa = PBXFileReference; lastKnownFileType = sourcecode.c.objc; path = DNBlockCreator.m; sourceTree = "<group>"; };
		A4D8D23328256B5A00569C2B /* DNBlockHelper.h */ = {isa = PBXFileReference; fileEncoding = 4; lastKnownFileType = sourcecode.c.h; path = DNBlockHelper.h; sourceTree = "<group>"; };
		A4D8D23428256B5A00569C2B /* DNBlockHelper.m */ = {isa = PBXFileReference; fileEncoding = 4; lastKnownFileType = sourcecode.c.objc; path = DNBlockHelper.m; sourceTree = "<group>"; };
		A4ECB76727BBC1890084A547 /* DartNative.h */ = {isa = PBXFileReference; lastKnownFileType = sourcecode.c.h; path = DartNative.h; sourceTree = "<group>"; };
		A4ECB76E27C33AA80084A547 /* NSNumber+DNUnwrapValues.m */ = {isa = PBXFileReference; fileEncoding = 4; lastKnownFileType = sourcecode.c.objc; path = "NSNumber+DNUnwrapValues.m"; sourceTree = "<group>"; };
		A4ECB76F27C33AA80084A547 /* NSNumber+DNUnwrapValues.h */ = {isa = PBXFileReference; fileEncoding = 4; lastKnownFileType = sourcecode.c.h; path = "NSNumber+DNUnwrapValues.h"; sourceTree = "<group>"; };
		A4EECFCE26A479240025502E /* DNAssociatedDartObject.h */ = {isa = PBXFileReference; fileEncoding = 4; lastKnownFileType = sourcecode.c.h; path = DNAssociatedDartObject.h; sourceTree = "<group>"; };
		A4EECFCF26A479240025502E /* DNAssociatedDartObject.m */ = {isa = PBXFileReference; fileEncoding = 4; lastKnownFileType = sourcecode.c.objc; path = DNAssociatedDartObject.m; sourceTree = "<group>"; };
		A4F688BB27788CFA0053A9B9 /* libffi.xcframework */ = {isa = PBXFileReference; lastKnownFileType = wrapper.xcframework; path = libffi.xcframework; sourceTree = "<group>"; };
		A4F688BE278AEB250053A9B9 /* NSObject+DartHandleExternalSize.h */ = {isa = PBXFileReference; lastKnownFileType = sourcecode.c.h; path = "NSObject+DartHandleExternalSize.h"; sourceTree = "<group>"; };
		A4F688BF278AEB250053A9B9 /* NSObject+DartHandleExternalSize.m */ = {isa = PBXFileReference; lastKnownFileType = sourcecode.c.objc; path = "NSObject+DartHandleExternalSize.m"; sourceTree = "<group>"; };
		A4F97607291E713A0022382D /* NSString+DartNative.h */ = {isa = PBXFileReference; lastKnownFileType = sourcecode.c.h; path = "NSString+DartNative.h"; sourceTree = "<group>"; };
		A4F97608291E713A0022382D /* NSString+DartNative.mm */ = {isa = PBXFileReference; lastKnownFileType = sourcecode.cpp.objcpp; path = "NSString+DartNative.mm"; sourceTree = "<group>"; };
/* End PBXFileReference section */

/* Begin PBXFrameworksBuildPhase section */
		A4074ADD276F92CC009F0EFD /* Frameworks */ = {
			isa = PBXFrameworksBuildPhase;
			buildActionMask = 2147483647;
			files = (
				A4F688BD27788CFA0053A9B9 /* libffi.xcframework in Frameworks */,
			);
			runOnlyForDeploymentPostprocessing = 0;
		};
		A45D1D3A258B3DC6009C163D /* Frameworks */ = {
			isa = PBXFrameworksBuildPhase;
			buildActionMask = 2147483647;
			files = (
				A4F688BC27788CFA0053A9B9 /* libffi.xcframework in Frameworks */,
			);
			runOnlyForDeploymentPostprocessing = 0;
		};
/* End PBXFrameworksBuildPhase section */

/* Begin PBXGroup section */
		A45D1D33258B3DC6009C163D = {
			isa = PBXGroup;
			children = (
				A4ECB76727BBC1890084A547 /* DartNative.h */,
				A45D1D64258B3E0A009C163D /* Classes */,
				A45D1D4A258B3E0A009C163D /* common */,
				A49438DE25934C39004BF483 /* DartNative */,
				A4F688BB27788CFA0053A9B9 /* libffi.xcframework */,
				A45D1D3E258B3DC6009C163D /* Products */,
				A4F6890D278B3AE10053A9B9 /* Frameworks */,
			);
			sourceTree = "<group>";
		};
		A45D1D3E258B3DC6009C163D /* Products */ = {
			isa = PBXGroup;
			children = (
				A45D1D3D258B3DC6009C163D /* DartNative.framework */,
				A4074AE0276F92CC009F0EFD /* DartNative.framework */,
			);
			name = Products;
			sourceTree = "<group>";
		};
		A45D1D4A258B3E0A009C163D /* common */ = {
			isa = PBXGroup;
			children = (
				A45D1D4B258B3E0A009C163D /* include */,
			);
			path = common;
			sourceTree = "<group>";
		};
		A45D1D4B258B3E0A009C163D /* include */ = {
			isa = PBXGroup;
			children = (
				A45D1D4C258B3E0A009C163D /* dart_api.h */,
				A45D1D4D258B3E0A009C163D /* dart_api_dl.c */,
				A45D1D4E258B3E0A009C163D /* dart_version.h */,
				A45D1D4F258B3E0A009C163D /* bin */,
				A45D1D51258B3E0A009C163D /* dart_embedder_api.h */,
				A45D1D52258B3E0A009C163D /* dart_native_api.h */,
				A45D1D53258B3E0A009C163D /* internal */,
				A45D1D55258B3E0A009C163D /* dart_tools_api.h */,
				A45D1D56258B3E0A009C163D /* dart_api_dl.h */,
			);
			path = include;
			sourceTree = "<group>";
		};
		A45D1D4F258B3E0A009C163D /* bin */ = {
			isa = PBXGroup;
			children = (
				A45D1D50258B3E0A009C163D /* dart_io_api.h */,
			);
			path = bin;
			sourceTree = "<group>";
		};
		A45D1D53258B3E0A009C163D /* internal */ = {
			isa = PBXGroup;
			children = (
				A45D1D54258B3E0A009C163D /* dart_api_dl_impl.h */,
			);
			path = internal;
			sourceTree = "<group>";
		};
		A45D1D64258B3E0A009C163D /* Classes */ = {
			isa = PBXGroup;
			children = (
				A4D8D23328256B5A00569C2B /* DNBlockHelper.h */,
				A4D8D23428256B5A00569C2B /* DNBlockHelper.m */,
				A4D8D22D2824297500569C2B /* DNBlockCreator.h */,
				A4D8D22E2824297500569C2B /* DNBlockCreator.m */,
				A45C1CAA262DB7B500FC10FE /* DNError.h */,
				A45C1CAB262DB7B500FC10FE /* DNError.m */,
				A45D1D76258B3E0A009C163D /* DNFFIHelper.h */,
				A45D1D6B258B3E0A009C163D /* DNFFIHelper.m */,
				A45D1D65258B3E0A009C163D /* DNInvocation.h */,
				A45D1D6E258B3E0A009C163D /* DNInvocation.m */,
				A45D1D66258B3E0A009C163D /* DNExtern.h */,
				A45D1D74258B3E0A009C163D /* DNMethodIMP.h */,
				A45D1D6D258B3E0A009C163D /* DNMethodIMP.m */,
				A4EECFCE26A479240025502E /* DNAssociatedDartObject.h */,
				A4EECFCF26A479240025502E /* DNAssociatedDartObject.m */,
				A45D1D69258B3E0A009C163D /* DNObjectDealloc.h */,
				A45D1D73258B3E0A009C163D /* DNObjectDealloc.m */,
				A45D1D6C258B3E0A009C163D /* DNPointerWrapper.h */,
				A45D1D75258B3E0A009C163D /* DNPointerWrapper.m */,
				A4C27AFE291A9D40002CCBA3 /* DNException.h */,
				A4C27AFF291A9D40002CCBA3 /* DNException.mm */,
				A45D1D6F258B3E0A009C163D /* native_runtime.h */,
				A45D1D72258B3E0A009C163D /* native_runtime.mm */,
				A4F97607291E713A0022382D /* NSString+DartNative.h */,
				A4F97608291E713A0022382D /* NSString+DartNative.mm */,
				A4C27B04291B9E8B002CCBA3 /* DNMemoryValidation.h */,
				A4C27B05291B9E8B002CCBA3 /* DNMemoryValidation.mm */,
				A4F688BE278AEB250053A9B9 /* NSObject+DartHandleExternalSize.h */,
				A4F688BF278AEB250053A9B9 /* NSObject+DartHandleExternalSize.m */,
				A4ECB76F27C33AA80084A547 /* NSNumber+DNUnwrapValues.h */,
				A4ECB76E27C33AA80084A547 /* NSNumber+DNUnwrapValues.m */,
			);
			path = Classes;
			sourceTree = "<group>";
		};
		A49438DE25934C39004BF483 /* DartNative */ = {
			isa = PBXGroup;
			children = (
				A49438DF25934C39004BF483 /* Info.plist */,
			);
			path = DartNative;
			sourceTree = "<group>";
		};
		A4F6890D278B3AE10053A9B9 /* Frameworks */ = {
			isa = PBXGroup;
			children = (
			);
			name = Frameworks;
			sourceTree = "<group>";
		};
/* End PBXGroup section */

/* Begin PBXHeadersBuildPhase section */
		A4074ADB276F92CC009F0EFD /* Headers */ = {
			isa = PBXHeadersBuildPhase;
			buildActionMask = 2147483647;
			files = (
				A4074AFF276F9347009F0EFD /* dart_embedder_api.h in Headers */,
				A4074AF7276F92FF009F0EFD /* DNFFIHelper.h in Headers */,
				A4074AFE276F9343009F0EFD /* dart_version.h in Headers */,
				A4ECB77327C33AA90084A547 /* NSNumber+DNUnwrapValues.h in Headers */,
				A4074AEB276F92FF009F0EFD /* DNMethodIMP.h in Headers */,
				A4074AED276F92FF009F0EFD /* native_runtime.h in Headers */,
				A4074B00276F934B009F0EFD /* dart_native_api.h in Headers */,
				A4074B02276F9353009F0EFD /* dart_api_dl.h in Headers */,
				A4074AF2276F92FF009F0EFD /* DNAssociatedDartObject.h in Headers */,
				A4074AF3276F92FF009F0EFD /* DNObjectDealloc.h in Headers */,
				A4D8D2302824297500569C2B /* DNBlockCreator.h in Headers */,
				A4ECB76927BBC1A20084A547 /* DartNative.h in Headers */,
				A4074B01276F934E009F0EFD /* dart_tools_api.h in Headers */,
				A4C27B07291B9E8B002CCBA3 /* DNMemoryValidation.h in Headers */,
				A4F68913278B3B6F0053A9B9 /* NSObject+DartHandleExternalSize.h in Headers */,
				A4074AF1276F92FF009F0EFD /* DNError.h in Headers */,
				A4F9760A291E713B0022382D /* NSString+DartNative.h in Headers */,
				A4074AFC276F9339009F0EFD /* dart_api.h in Headers */,
				A4C27B01291A9D40002CCBA3 /* DNException.h in Headers */,
				A4074B03276F9359009F0EFD /* dart_api_dl_impl.h in Headers */,
				A4074AF4276F92FF009F0EFD /* DNInvocation.h in Headers */,
				A4D8D23628256B5A00569C2B /* DNBlockHelper.h in Headers */,
				A4074AEF276F92FF009F0EFD /* DNExtern.h in Headers */,
				A4074AF0276F92FF009F0EFD /* DNPointerWrapper.h in Headers */,
			);
			runOnlyForDeploymentPostprocessing = 0;
		};
		A45D1D38258B3DC6009C163D /* Headers */ = {
			isa = PBXHeadersBuildPhase;
			buildActionMask = 2147483647;
			files = (
				A45D1D80258B3E0A009C163D /* dart_api_dl.h in Headers */,
				A45D1D78258B3E0A009C163D /* dart_api.h in Headers */,
				A4C27B00291A9D40002CCBA3 /* DNException.h in Headers */,
				A45D1D8D258B3E0A009C163D /* DNInvocation.h in Headers */,
				A45D1D94258B3E0A009C163D /* DNPointerWrapper.h in Headers */,
				A45D1D7C258B3E0A009C163D /* dart_embedder_api.h in Headers */,
				A4EECFD026A479240025502E /* DNAssociatedDartObject.h in Headers */,
				A45D1D9C258B3E0A009C163D /* DNMethodIMP.h in Headers */,
				A4C27B06291B9E8B002CCBA3 /* DNMemoryValidation.h in Headers */,
				A45D1D7F258B3E0A009C163D /* dart_tools_api.h in Headers */,
				A4D8D23528256B5A00569C2B /* DNBlockHelper.h in Headers */,
				A4ECB77227C33AA90084A547 /* NSNumber+DNUnwrapValues.h in Headers */,
				A4ECB76827BBC1A20084A547 /* DartNative.h in Headers */,
				A45D1D97258B3E0A009C163D /* native_runtime.h in Headers */,
				A45C1CAC262DB7B500FC10FE /* DNError.h in Headers */,
				A4D8D22F2824297500569C2B /* DNBlockCreator.h in Headers */,
				A4F97609291E713A0022382D /* NSString+DartNative.h in Headers */,
				A45D1D7A258B3E0A009C163D /* dart_version.h in Headers */,
				A45D1D7D258B3E0A009C163D /* dart_native_api.h in Headers */,
				A45D1D9E258B3E0A009C163D /* DNFFIHelper.h in Headers */,
				A45D1D7B258B3E0A009C163D /* dart_io_api.h in Headers */,
				A45D1D8E258B3E0A009C163D /* DNExtern.h in Headers */,
				A4F688C0278AEB260053A9B9 /* NSObject+DartHandleExternalSize.h in Headers */,
				A45D1D91258B3E0A009C163D /* DNObjectDealloc.h in Headers */,
				A45D1D7E258B3E0A009C163D /* dart_api_dl_impl.h in Headers */,
			);
			runOnlyForDeploymentPostprocessing = 0;
		};
/* End PBXHeadersBuildPhase section */

/* Begin PBXNativeTarget section */
		A4074ADF276F92CC009F0EFD /* DartNative macOS */ = {
			isa = PBXNativeTarget;
			buildConfigurationList = A4074AE6276F92CC009F0EFD /* Build configuration list for PBXNativeTarget "DartNative macOS" */;
			buildPhases = (
				A4074ADB276F92CC009F0EFD /* Headers */,
				A4074ADC276F92CC009F0EFD /* Sources */,
				A4074ADD276F92CC009F0EFD /* Frameworks */,
				A4074ADE276F92CC009F0EFD /* Resources */,
			);
			buildRules = (
			);
			dependencies = (
			);
			name = "DartNative macOS";
			productName = "DartNative macOS";
			productReference = A4074AE0276F92CC009F0EFD /* DartNative.framework */;
			productType = "com.apple.product-type.framework";
		};
		A45D1D3C258B3DC6009C163D /* DartNative */ = {
			isa = PBXNativeTarget;
			buildConfigurationList = A45D1D45258B3DC6009C163D /* Build configuration list for PBXNativeTarget "DartNative" */;
			buildPhases = (
				A45D1D38258B3DC6009C163D /* Headers */,
				A45D1D39258B3DC6009C163D /* Sources */,
				A45D1D3A258B3DC6009C163D /* Frameworks */,
				A45D1D3B258B3DC6009C163D /* Resources */,
			);
			buildRules = (
			);
			dependencies = (
			);
			name = DartNative;
			productName = DartNative;
			productReference = A45D1D3D258B3DC6009C163D /* DartNative.framework */;
			productType = "com.apple.product-type.framework";
		};
/* End PBXNativeTarget section */

/* Begin PBXProject section */
		A45D1D34258B3DC6009C163D /* Project object */ = {
			isa = PBXProject;
			attributes = {
				LastUpgradeCheck = 1220;
				TargetAttributes = {
					A4074ADF276F92CC009F0EFD = {
						CreatedOnToolsVersion = 13.2;
						LastSwiftMigration = 1320;
					};
					A45D1D3C258B3DC6009C163D = {
						CreatedOnToolsVersion = 12.2;
						LastSwiftMigration = 1320;
					};
				};
			};
			buildConfigurationList = A45D1D37258B3DC6009C163D /* Build configuration list for PBXProject "DartNative" */;
			compatibilityVersion = "Xcode 12.0";
			developmentRegion = en;
			hasScannedForEncodings = 0;
			knownRegions = (
				en,
				Base,
			);
			mainGroup = A45D1D33258B3DC6009C163D;
			productRefGroup = A45D1D3E258B3DC6009C163D /* Products */;
			projectDirPath = "";
			projectRoot = "";
			targets = (
				A45D1D3C258B3DC6009C163D /* DartNative */,
				A4074ADF276F92CC009F0EFD /* DartNative macOS */,
			);
		};
/* End PBXProject section */

/* Begin PBXResourcesBuildPhase section */
		A4074ADE276F92CC009F0EFD /* Resources */ = {
			isa = PBXResourcesBuildPhase;
			buildActionMask = 2147483647;
			files = (
			);
			runOnlyForDeploymentPostprocessing = 0;
		};
		A45D1D3B258B3DC6009C163D /* Resources */ = {
			isa = PBXResourcesBuildPhase;
			buildActionMask = 2147483647;
			files = (
			);
			runOnlyForDeploymentPostprocessing = 0;
		};
/* End PBXResourcesBuildPhase section */

/* Begin PBXSourcesBuildPhase section */
		A4074ADC276F92CC009F0EFD /* Sources */ = {
			isa = PBXSourcesBuildPhase;
			buildActionMask = 2147483647;
			files = (
				A4C27B09291B9E8B002CCBA3 /* DNMemoryValidation.mm in Sources */,
				A4074AEE276F92FF009F0EFD /* DNError.m in Sources */,
				A4F688C3278AEB260053A9B9 /* NSObject+DartHandleExternalSize.m in Sources */,
				A4D8D23828256B5A00569C2B /* DNBlockHelper.m in Sources */,
				A4D8D2322824297500569C2B /* DNBlockCreator.m in Sources */,
				A4F9760C291E713B0022382D /* NSString+DartNative.mm in Sources */,
				A4074AEC276F92FF009F0EFD /* DNPointerWrapper.m in Sources */,
				A4074AF8276F92FF009F0EFD /* native_runtime.mm in Sources */,
				A4074AFA276F92FF009F0EFD /* DNObjectDealloc.m in Sources */,
				A4C27B03291A9D40002CCBA3 /* DNException.mm in Sources */,
				A4074AFB276F92FF009F0EFD /* DNFFIHelper.m in Sources */,
				A4074AFD276F933F009F0EFD /* dart_api_dl.c in Sources */,
				A4ECB77127C33AA90084A547 /* NSNumber+DNUnwrapValues.m in Sources */,
				A4074AEA276F92FF009F0EFD /* DNMethodIMP.m in Sources */,
				A4074AE9276F92FF009F0EFD /* DNInvocation.m in Sources */,
				A4074AF5276F92FF009F0EFD /* DNAssociatedDartObject.m in Sources */,
			);
			runOnlyForDeploymentPostprocessing = 0;
		};
		A45D1D39258B3DC6009C163D /* Sources */ = {
			isa = PBXSourcesBuildPhase;
			buildActionMask = 2147483647;
			files = (
				A4C27B08291B9E8B002CCBA3 /* DNMemoryValidation.mm in Sources */,
				A45C1CAD262DB7B500FC10FE /* DNError.m in Sources */,
				A4F688C2278AEB260053A9B9 /* NSObject+DartHandleExternalSize.m in Sources */,
				A4D8D23728256B5A00569C2B /* DNBlockHelper.m in Sources */,
				A4D8D2312824297500569C2B /* DNBlockCreator.m in Sources */,
				A4F9760B291E713B0022382D /* NSString+DartNative.mm in Sources */,
				A45D1D9A258B3E0A009C163D /* native_runtime.mm in Sources */,
				A4EECFD126A479240025502E /* DNAssociatedDartObject.m in Sources */,
				A45D1D9D258B3E0A009C163D /* DNPointerWrapper.m in Sources */,
				A4C27B02291A9D40002CCBA3 /* DNException.mm in Sources */,
				A45D1D9B258B3E0A009C163D /* DNObjectDealloc.m in Sources */,
				A45D1D96258B3E0A009C163D /* DNInvocation.m in Sources */,
				A4ECB77027C33AA90084A547 /* NSNumber+DNUnwrapValues.m in Sources */,
				A45D1D79258B3E0A009C163D /* dart_api_dl.c in Sources */,
				A45D1D93258B3E0A009C163D /* DNFFIHelper.m in Sources */,
				A45D1D95258B3E0A009C163D /* DNMethodIMP.m in Sources */,
			);
			runOnlyForDeploymentPostprocessing = 0;
		};
/* End PBXSourcesBuildPhase section */

/* Begin XCBuildConfiguration section */
		A4074AE7276F92CC009F0EFD /* Debug */ = {
			isa = XCBuildConfiguration;
			buildSettings = {
				CLANG_CXX_LANGUAGE_STANDARD = "gnu++17";
				CLANG_ENABLE_MODULES = YES;
				CODE_SIGN_STYLE = Automatic;
				COMBINE_HIDPI_IMAGES = YES;
				CURRENT_PROJECT_VERSION = 1;
				DEFINES_MODULE = YES;
				DEVELOPMENT_TEAM = D3RCVUP6VH;
				DYLIB_COMPATIBILITY_VERSION = 1;
				DYLIB_CURRENT_VERSION = 1;
				DYLIB_INSTALL_NAME_BASE = "@rpath";
				GENERATE_INFOPLIST_FILE = YES;
				INFOPLIST_KEY_NSHumanReadableCopyright = "";
				INSTALL_PATH = "$(LOCAL_LIBRARY_DIR)/Frameworks";
				LD_RUNPATH_SEARCH_PATHS = (
					"$(inherited)",
					"@executable_path/../Frameworks",
					"@loader_path/Frameworks",
				);
				LIBRARY_SEARCH_PATHS = "$(inherited)";
				MACOSX_DEPLOYMENT_TARGET = 10.11;
				MARKETING_VERSION = 1.0;
				PRODUCT_BUNDLE_IDENTIFIER = "com.tencent.DartNative-macOS";
				PRODUCT_NAME = DartNative;
				SDKROOT = macosx;
				SKIP_INSTALL = YES;
				SWIFT_EMIT_LOC_STRINGS = YES;
				SWIFT_OPTIMIZATION_LEVEL = "-Onone";
				SWIFT_VERSION = 5.0;
				VALIDATE_WORKSPACE = NO;
			};
			name = Debug;
		};
		A4074AE8276F92CC009F0EFD /* Release */ = {
			isa = XCBuildConfiguration;
			buildSettings = {
				CLANG_CXX_LANGUAGE_STANDARD = "gnu++17";
				CLANG_ENABLE_MODULES = YES;
				CODE_SIGN_STYLE = Automatic;
				COMBINE_HIDPI_IMAGES = YES;
				CURRENT_PROJECT_VERSION = 1;
				DEFINES_MODULE = YES;
				DEVELOPMENT_TEAM = D3RCVUP6VH;
				DYLIB_COMPATIBILITY_VERSION = 1;
				DYLIB_CURRENT_VERSION = 1;
				DYLIB_INSTALL_NAME_BASE = "@rpath";
				GENERATE_INFOPLIST_FILE = YES;
				INFOPLIST_KEY_NSHumanReadableCopyright = "";
				INSTALL_PATH = "$(LOCAL_LIBRARY_DIR)/Frameworks";
				LD_RUNPATH_SEARCH_PATHS = (
					"$(inherited)",
					"@executable_path/../Frameworks",
					"@loader_path/Frameworks",
				);
				LIBRARY_SEARCH_PATHS = "$(inherited)";
				MACOSX_DEPLOYMENT_TARGET = 10.11;
				MARKETING_VERSION = 1.0;
				PRODUCT_BUNDLE_IDENTIFIER = "com.tencent.DartNative-macOS";
				PRODUCT_NAME = DartNative;
				SDKROOT = macosx;
				SKIP_INSTALL = YES;
				SWIFT_EMIT_LOC_STRINGS = YES;
				SWIFT_VERSION = 5.0;
				VALIDATE_WORKSPACE = NO;
			};
			name = Release;
		};
		A45D1D43258B3DC6009C163D /* Debug */ = {
			isa = XCBuildConfiguration;
			buildSettings = {
				ALWAYS_SEARCH_USER_PATHS = NO;
				CLANG_ANALYZER_NONNULL = YES;
				CLANG_ANALYZER_NUMBER_OBJECT_CONVERSION = YES_AGGRESSIVE;
				CLANG_CXX_LANGUAGE_STANDARD = "gnu++14";
				CLANG_CXX_LIBRARY = "libc++";
				CLANG_ENABLE_MODULES = YES;
				CLANG_ENABLE_OBJC_ARC = YES;
				CLANG_ENABLE_OBJC_WEAK = YES;
				CLANG_WARN_BLOCK_CAPTURE_AUTORELEASING = YES;
				CLANG_WARN_BOOL_CONVERSION = YES;
				CLANG_WARN_COMMA = YES;
				CLANG_WARN_CONSTANT_CONVERSION = YES;
				CLANG_WARN_DEPRECATED_OBJC_IMPLEMENTATIONS = YES;
				CLANG_WARN_DIRECT_OBJC_ISA_USAGE = YES_ERROR;
				CLANG_WARN_DOCUMENTATION_COMMENTS = YES;
				CLANG_WARN_EMPTY_BODY = YES;
				CLANG_WARN_ENUM_CONVERSION = YES;
				CLANG_WARN_INFINITE_RECURSION = YES;
				CLANG_WARN_INT_CONVERSION = YES;
				CLANG_WARN_NON_LITERAL_NULL_CONVERSION = YES;
				CLANG_WARN_OBJC_IMPLICIT_RETAIN_SELF = YES;
				CLANG_WARN_OBJC_LITERAL_CONVERSION = YES;
				CLANG_WARN_OBJC_ROOT_CLASS = YES_ERROR;
				CLANG_WARN_QUOTED_INCLUDE_IN_FRAMEWORK_HEADER = YES;
				CLANG_WARN_RANGE_LOOP_ANALYSIS = YES;
				CLANG_WARN_STRICT_PROTOTYPES = YES;
				CLANG_WARN_SUSPICIOUS_MOVE = YES;
				CLANG_WARN_UNGUARDED_AVAILABILITY = YES_AGGRESSIVE;
				CLANG_WARN_UNREACHABLE_CODE = YES;
				CLANG_WARN__DUPLICATE_METHOD_MATCH = YES;
				COPY_PHASE_STRIP = NO;
				CURRENT_PROJECT_VERSION = 1;
				DEBUG_INFORMATION_FORMAT = dwarf;
				ENABLE_STRICT_OBJC_MSGSEND = YES;
				ENABLE_TESTABILITY = YES;
				GCC_C_LANGUAGE_STANDARD = gnu11;
				GCC_DYNAMIC_NO_PIC = NO;
				GCC_NO_COMMON_BLOCKS = YES;
				GCC_OPTIMIZATION_LEVEL = 0;
				GCC_PREPROCESSOR_DEFINITIONS = (
					"DEBUG=1",
					"$(inherited)",
				);
				GCC_WARN_64_TO_32_BIT_CONVERSION = YES;
				GCC_WARN_ABOUT_RETURN_TYPE = YES_ERROR;
				GCC_WARN_UNDECLARED_SELECTOR = YES;
				GCC_WARN_UNINITIALIZED_AUTOS = YES_AGGRESSIVE;
				GCC_WARN_UNUSED_FUNCTION = YES;
				GCC_WARN_UNUSED_VARIABLE = YES;
				IPHONEOS_DEPLOYMENT_TARGET = 9.0;
				MTL_ENABLE_DEBUG_INFO = INCLUDE_SOURCE;
				MTL_FAST_MATH = YES;
				ONLY_ACTIVE_ARCH = YES;
				SDKROOT = iphoneos;
				VERSIONING_SYSTEM = "apple-generic";
				VERSION_INFO_PREFIX = "";
			};
			name = Debug;
		};
		A45D1D44258B3DC6009C163D /* Release */ = {
			isa = XCBuildConfiguration;
			buildSettings = {
				ALWAYS_SEARCH_USER_PATHS = NO;
				CLANG_ANALYZER_NONNULL = YES;
				CLANG_ANALYZER_NUMBER_OBJECT_CONVERSION = YES_AGGRESSIVE;
				CLANG_CXX_LANGUAGE_STANDARD = "gnu++14";
				CLANG_CXX_LIBRARY = "libc++";
				CLANG_ENABLE_MODULES = YES;
				CLANG_ENABLE_OBJC_ARC = YES;
				CLANG_ENABLE_OBJC_WEAK = YES;
				CLANG_WARN_BLOCK_CAPTURE_AUTORELEASING = YES;
				CLANG_WARN_BOOL_CONVERSION = YES;
				CLANG_WARN_COMMA = YES;
				CLANG_WARN_CONSTANT_CONVERSION = YES;
				CLANG_WARN_DEPRECATED_OBJC_IMPLEMENTATIONS = YES;
				CLANG_WARN_DIRECT_OBJC_ISA_USAGE = YES_ERROR;
				CLANG_WARN_DOCUMENTATION_COMMENTS = YES;
				CLANG_WARN_EMPTY_BODY = YES;
				CLANG_WARN_ENUM_CONVERSION = YES;
				CLANG_WARN_INFINITE_RECURSION = YES;
				CLANG_WARN_INT_CONVERSION = YES;
				CLANG_WARN_NON_LITERAL_NULL_CONVERSION = YES;
				CLANG_WARN_OBJC_IMPLICIT_RETAIN_SELF = YES;
				CLANG_WARN_OBJC_LITERAL_CONVERSION = YES;
				CLANG_WARN_OBJC_ROOT_CLASS = YES_ERROR;
				CLANG_WARN_QUOTED_INCLUDE_IN_FRAMEWORK_HEADER = YES;
				CLANG_WARN_RANGE_LOOP_ANALYSIS = YES;
				CLANG_WARN_STRICT_PROTOTYPES = YES;
				CLANG_WARN_SUSPICIOUS_MOVE = YES;
				CLANG_WARN_UNGUARDED_AVAILABILITY = YES_AGGRESSIVE;
				CLANG_WARN_UNREACHABLE_CODE = YES;
				CLANG_WARN__DUPLICATE_METHOD_MATCH = YES;
				COPY_PHASE_STRIP = NO;
				CURRENT_PROJECT_VERSION = 1;
				DEBUG_INFORMATION_FORMAT = "dwarf-with-dsym";
				ENABLE_NS_ASSERTIONS = NO;
				ENABLE_STRICT_OBJC_MSGSEND = YES;
				GCC_C_LANGUAGE_STANDARD = gnu11;
				GCC_NO_COMMON_BLOCKS = YES;
				GCC_WARN_64_TO_32_BIT_CONVERSION = YES;
				GCC_WARN_ABOUT_RETURN_TYPE = YES_ERROR;
				GCC_WARN_UNDECLARED_SELECTOR = YES;
				GCC_WARN_UNINITIALIZED_AUTOS = YES_AGGRESSIVE;
				GCC_WARN_UNUSED_FUNCTION = YES;
				GCC_WARN_UNUSED_VARIABLE = YES;
				IPHONEOS_DEPLOYMENT_TARGET = 9.0;
				MTL_ENABLE_DEBUG_INFO = NO;
				MTL_FAST_MATH = YES;
				SDKROOT = iphoneos;
				VALIDATE_PRODUCT = YES;
				VERSIONING_SYSTEM = "apple-generic";
				VERSION_INFO_PREFIX = "";
			};
			name = Release;
		};
		A45D1D46258B3DC6009C163D /* Debug */ = {
			isa = XCBuildConfiguration;
			buildSettings = {
				CLANG_ENABLE_MODULES = YES;
				CODE_SIGN_STYLE = Automatic;
				DEFINES_MODULE = YES;
				DEVELOPMENT_TEAM = ZUNBU5UKTM;
				DYLIB_COMPATIBILITY_VERSION = 1;
				DYLIB_CURRENT_VERSION = 1;
				DYLIB_INSTALL_NAME_BASE = "@rpath";
				ENABLE_BITCODE = NO;
				EXCLUDED_ARCHS = "";
				"EXCLUDED_ARCHS[sdk=iphonesimulator*]" = arm64;
				INFOPLIST_FILE = DartNative/Info.plist;
				INSTALL_PATH = "$(LOCAL_LIBRARY_DIR)/Frameworks";
				IPHONEOS_DEPLOYMENT_TARGET = 9.0;
				LD_RUNPATH_SEARCH_PATHS = (
					"$(inherited)",
					"@executable_path/Frameworks",
					"@loader_path/Frameworks",
				);
				LIBRARY_SEARCH_PATHS = "$(inherited)";
				PRODUCT_BUNDLE_IDENTIFIER = com.dartnative.DartNative;
				PRODUCT_NAME = "$(TARGET_NAME:c99extidentifier)";
				SKIP_INSTALL = YES;
				SWIFT_OPTIMIZATION_LEVEL = "-Onone";
				SWIFT_VERSION = 5.0;
				TARGETED_DEVICE_FAMILY = "1,2";
			};
			name = Debug;
		};
		A45D1D47258B3DC6009C163D /* Release */ = {
			isa = XCBuildConfiguration;
			buildSettings = {
				CLANG_ENABLE_MODULES = YES;
				CODE_SIGN_STYLE = Automatic;
				DEFINES_MODULE = YES;
				DEVELOPMENT_TEAM = ZUNBU5UKTM;
				DYLIB_COMPATIBILITY_VERSION = 1;
				DYLIB_CURRENT_VERSION = 1;
				DYLIB_INSTALL_NAME_BASE = "@rpath";
				ENABLE_BITCODE = NO;
				EXCLUDED_ARCHS = "";
				"EXCLUDED_ARCHS[sdk=iphonesimulator*]" = arm64;
				INFOPLIST_FILE = DartNative/Info.plist;
				INSTALL_PATH = "$(LOCAL_LIBRARY_DIR)/Frameworks";
				IPHONEOS_DEPLOYMENT_TARGET = 9.0;
				LD_RUNPATH_SEARCH_PATHS = (
					"$(inherited)",
					"@executable_path/Frameworks",
					"@loader_path/Frameworks",
				);
				LIBRARY_SEARCH_PATHS = "$(inherited)";
				PRODUCT_BUNDLE_IDENTIFIER = com.dartnative.DartNative;
				PRODUCT_NAME = "$(TARGET_NAME:c99extidentifier)";
				SKIP_INSTALL = YES;
				SWIFT_VERSION = 5.0;
				TARGETED_DEVICE_FAMILY = "1,2";
			};
			name = Release;
		};
/* End XCBuildConfiguration section */

/* Begin XCConfigurationList section */
		A4074AE6276F92CC009F0EFD /* Build configuration list for PBXNativeTarget "DartNative macOS" */ = {
			isa = XCConfigurationList;
			buildConfigurations = (
				A4074AE7276F92CC009F0EFD /* Debug */,
				A4074AE8276F92CC009F0EFD /* Release */,
			);
			defaultConfigurationIsVisible = 0;
			defaultConfigurationName = Release;
		};
		A45D1D37258B3DC6009C163D /* Build configuration list for PBXProject "DartNative" */ = {
			isa = XCConfigurationList;
			buildConfigurations = (
				A45D1D43258B3DC6009C163D /* Debug */,
				A45D1D44258B3DC6009C163D /* Release */,
			);
			defaultConfigurationIsVisible = 0;
			defaultConfigurationName = Release;
		};
		A45D1D45258B3DC6009C163D /* Build configuration list for PBXNativeTarget "DartNative" */ = {
			isa = XCConfigurationList;
			buildConfigurations = (
				A45D1D46258B3DC6009C163D /* Debug */,
				A45D1D47258B3DC6009C163D /* Release */,
			);
			defaultConfigurationIsVisible = 0;
			defaultConfigurationName = Release;
		};
/* End XCConfigurationList section */
	};
	rootObject = A45D1D34258B3DC6009C163D /* Project object */;
}
